// !$*UTF8*$!
{
	archiveVersion = 1;
	classes = {
	};
	objectVersion = 56;
	objects = {

/* Begin PBXBuildFile section */
		BC1398D92A9AF6BE00C0F0D8 /* bukisentakuViewController.swift in Sources */ = {isa = PBXBuildFile; fileRef = BC1398D82A9AF6BE00C0F0D8 /* bukisentakuViewController.swift */; };
		BC2EE3B629FE0DC800293E1B /* AppDelegate.swift in Sources */ = {isa = PBXBuildFile; fileRef = BC2EE3B529FE0DC800293E1B /* AppDelegate.swift */; };
		BC2EE3B829FE0DC800293E1B /* SceneDelegate.swift in Sources */ = {isa = PBXBuildFile; fileRef = BC2EE3B729FE0DC800293E1B /* SceneDelegate.swift */; };
		BC2EE3BD29FE0DC800293E1B /* Main.storyboard in Resources */ = {isa = PBXBuildFile; fileRef = BC2EE3BB29FE0DC800293E1B /* Main.storyboard */; };
		BC2EE3BF29FE0DCA00293E1B /* Assets.xcassets in Resources */ = {isa = PBXBuildFile; fileRef = BC2EE3BE29FE0DCA00293E1B /* Assets.xcassets */; };
		BC2EE3C229FE0DCA00293E1B /* LaunchScreen.storyboard in Resources */ = {isa = PBXBuildFile; fileRef = BC2EE3C029FE0DCA00293E1B /* LaunchScreen.storyboard */; };
		BC2EE3CC29FE345E00293E1B /* LobbyViewController.swift in Sources */ = {isa = PBXBuildFile; fileRef = BC2EE3CB29FE345E00293E1B /* LobbyViewController.swift */; };
		BC2EE3CE29FE34AE00293E1B /* BattleViewController.swift in Sources */ = {isa = PBXBuildFile; fileRef = BC2EE3CD29FE34AE00293E1B /* BattleViewController.swift */; };
		BC2EE40929FE37BB00293E1B /* ViewController.swift in Sources */ = {isa = PBXBuildFile; fileRef = BC2EE3E829FE37BB00293E1B /* ViewController.swift */; };
		BC2EE40A29FE37BB00293E1B /* lobby.png in Resources */ = {isa = PBXBuildFile; fileRef = BC2EE3EB29FE37BB00293E1B /* lobby.png */; };
		BC2EE40B29FE37BB00293E1B /* battlebg.png in Resources */ = {isa = PBXBuildFile; fileRef = BC2EE3EC29FE37BB00293E1B /* battlebg.png */; };
		BC2EE40C29FE37BB00293E1B /* bgimage.jpg in Resources */ = {isa = PBXBuildFile; fileRef = BC2EE3ED29FE37BB00293E1B /* bgimage.jpg */; };
		BC2EE40D29FE37BB00293E1B /* waku.png in Resources */ = {isa = PBXBuildFile; fileRef = BC2EE3EE29FE37BB00293E1B /* waku.png */; };
		BC2EE40E29FE37BB00293E1B /* gold_button.png in Resources */ = {isa = PBXBuildFile; fileRef = BC2EE3EF29FE37BB00293E1B /* gold_button.png */; };
		BC2EE40F29FE37BB00293E1B /* yusya.png in Resources */ = {isa = PBXBuildFile; fileRef = BC2EE3F029FE37BB00293E1B /* yusya.png */; };
		BC2EE41029FE37BB00293E1B /* monster.png in Resources */ = {isa = PBXBuildFile; fileRef = BC2EE3F129FE37BB00293E1B /* monster.png */; };
		BC2EE41129FE37BB00293E1B /* TechMonManager.swift in Sources */ = {isa = PBXBuildFile; fileRef = BC2EE3F329FE37BB00293E1B /* TechMonManager.swift */; };
		BC2EE41229FE37BB00293E1B /* Character.swift in Sources */ = {isa = PBXBuildFile; fileRef = BC2EE3F429FE37BB00293E1B /* Character.swift */; };
		BC2EE41329FE37BB00293E1B /* Enemy.swift in Sources */ = {isa = PBXBuildFile; fileRef = BC2EE3F529FE37BB00293E1B /* Enemy.swift */; };
		BC2EE41429FE37BB00293E1B /* Player.swift in Sources */ = {isa = PBXBuildFile; fileRef = BC2EE3F629FE37BB00293E1B /* Player.swift */; };
		BC2EE41529FE37BB00293E1B /* SE_fanfare.mp3 in Resources */ = {isa = PBXBuildFile; fileRef = BC2EE3F829FE37BB00293E1B /* SE_fanfare.mp3 */; };
		BC2EE41629FE37BB00293E1B /* BGM_battle001.mp3 in Resources */ = {isa = PBXBuildFile; fileRef = BC2EE3F929FE37BB00293E1B /* BGM_battle001.mp3 */; };
		BC2EE41729FE37BB00293E1B /* SE_fire.mp3 in Resources */ = {isa = PBXBuildFile; fileRef = BC2EE3FA29FE37BB00293E1B /* SE_fire.mp3 */; };
		BC2EE41829FE37BB00293E1B /* SE_attack.mp3 in Resources */ = {isa = PBXBuildFile; fileRef = BC2EE3FB29FE37BB00293E1B /* SE_attack.mp3 */; };
		BC2EE41929FE37BB00293E1B /* SE_gameover.mp3 in Resources */ = {isa = PBXBuildFile; fileRef = BC2EE3FC29FE37BB00293E1B /* SE_gameover.mp3 */; };
		BC2EE41A29FE37BB00293E1B /* SE_charge.mp3 in Resources */ = {isa = PBXBuildFile; fileRef = BC2EE3FD29FE37BB00293E1B /* SE_charge.mp3 */; };
		BC2EE41B29FE37BB00293E1B /* lobby.mp3 in Resources */ = {isa = PBXBuildFile; fileRef = BC2EE3FE29FE37BB00293E1B /* lobby.mp3 */; };
		BC2EE41C29FE37BB00293E1B /* misaki_gothic.ttf in Resources */ = {isa = PBXBuildFile; fileRef = BC2EE40029FE37BB00293E1B /* misaki_gothic.ttf */; };
		BC7111022BDDF31B006A6112 /* shield_kiteshield_01_blue.png in Resources */ = {isa = PBXBuildFile; fileRef = BC7110F82BDDF31A006A6112 /* shield_kiteshield_01_blue.png */; };
		BC7111032BDDF31B006A6112 /* shield_buckler_wood.png in Resources */ = {isa = PBXBuildFile; fileRef = BC7110F92BDDF31B006A6112 /* shield_buckler_wood.png */; };
		BC7111042BDDF31B006A6112 /* shield_kiteshield_01_green.png in Resources */ = {isa = PBXBuildFile; fileRef = BC7110FA2BDDF31B006A6112 /* shield_kiteshield_01_green.png */; };
		BC7111052BDDF31B006A6112 /* shield_buckler_iron.png in Resources */ = {isa = PBXBuildFile; fileRef = BC7110FB2BDDF31B006A6112 /* shield_buckler_iron.png */; };
		BC7111062BDDF31B006A6112 /* shield_kiteshield_01_red.png in Resources */ = {isa = PBXBuildFile; fileRef = BC7110FC2BDDF31B006A6112 /* shield_kiteshield_01_red.png */; };
		BC7111072BDDF31B006A6112 /* shield_kiteshield_wood.png in Resources */ = {isa = PBXBuildFile; fileRef = BC7110FD2BDDF31B006A6112 /* shield_kiteshield_wood.png */; };
		BC7111082BDDF31B006A6112 /* shield_kiteshield_02_green.png in Resources */ = {isa = PBXBuildFile; fileRef = BC7110FE2BDDF31B006A6112 /* shield_kiteshield_02_green.png */; };
		BC7111092BDDF31B006A6112 /* shield_kiteshield_02_blue.png in Resources */ = {isa = PBXBuildFile; fileRef = BC7110FF2BDDF31B006A6112 /* shield_kiteshield_02_blue.png */; };
		BC71110A2BDDF31B006A6112 /* shield_kiteshield_iron.png in Resources */ = {isa = PBXBuildFile; fileRef = BC7111002BDDF31B006A6112 /* shield_kiteshield_iron.png */; };
		BC71110B2BDDF31B006A6112 /* shield_kiteshield_02_red.png in Resources */ = {isa = PBXBuildFile; fileRef = BC7111012BDDF31B006A6112 /* shield_kiteshield_02_red.png */; };
		BC71110F2BDE221A006A6112 /* ItemStorage.swift in Sources */ = {isa = PBXBuildFile; fileRef = BC71110E2BDE221A006A6112 /* ItemStorage.swift */; };
		BC84DB332B6F510A0087E1C6 /* shopViewController.swift in Sources */ = {isa = PBXBuildFile; fileRef = BC84DB322B6F510A0087E1C6 /* shopViewController.swift */; };
		BCCEAE6A2B1C2250000FA5BA /* armor_koshiate_blue.png in Resources */ = {isa = PBXBuildFile; fileRef = BCCEAE662B1C2250000FA5BA /* armor_koshiate_blue.png */; };
		BCCEAE6B2B1C2250000FA5BA /* armor_koshiate_iron.png in Resources */ = {isa = PBXBuildFile; fileRef = BCCEAE672B1C2250000FA5BA /* armor_koshiate_iron.png */; };
		BCCEAE6C2B1C2250000FA5BA /* armor_koshiate_green.png in Resources */ = {isa = PBXBuildFile; fileRef = BCCEAE682B1C2250000FA5BA /* armor_koshiate_green.png */; };
		BCCEAE6D2B1C2250000FA5BA /* armor_koshiate_red.png in Resources */ = {isa = PBXBuildFile; fileRef = BCCEAE692B1C2250000FA5BA /* armor_koshiate_red.png */; };
		BCCEAE712B1C28DA000FA5BA /* bougusentakuViewController.swift in Sources */ = {isa = PBXBuildFile; fileRef = BCCEAE702B1C28DA000FA5BA /* bougusentakuViewController.swift */; };
		BCE28D702A5120DC00F43694 /* EnemyList.swift in Sources */ = {isa = PBXBuildFile; fileRef = BCE28D6F2A5120DC00F43694 /* EnemyList.swift */; };
		BCE28D942A51445600F43694 /* sentakuViewController.swift in Sources */ = {isa = PBXBuildFile; fileRef = BCE28D932A51445600F43694 /* sentakuViewController.swift */; };
		BCF111332A760F0C00292B59 /* sentaku_BGM.mp3 in Resources */ = {isa = PBXBuildFile; fileRef = BCF111322A760F0C00292B59 /* sentaku_BGM.mp3 */; };
		BCF111352A763F0A00292B59 /* tsurugi_bronze_sabi_red.png in Resources */ = {isa = PBXBuildFile; fileRef = BCF111342A763F0A00292B59 /* tsurugi_bronze_sabi_red.png */; };
		BCF111372A763FF200292B59 /* tsurugi_bronze_red.png in Resources */ = {isa = PBXBuildFile; fileRef = BCF111362A763FF100292B59 /* tsurugi_bronze_red.png */; };
		BCF111392A76401B00292B59 /* sword_longsword_monochrome.png in Resources */ = {isa = PBXBuildFile; fileRef = BCF111382A76401B00292B59 /* sword_longsword_monochrome.png */; };
		BCF1113B2A76401F00292B59 /* sword_shortsword_brown.png in Resources */ = {isa = PBXBuildFile; fileRef = BCF1113A2A76401F00292B59 /* sword_shortsword_brown.png */; };
		BCF1113D2A76402200292B59 /* sword_longsword_brown.png in Resources */ = {isa = PBXBuildFile; fileRef = BCF1113C2A76402200292B59 /* sword_longsword_brown.png */; };
/* End PBXBuildFile section */

/* Begin PBXFileReference section */
		BC1398D82A9AF6BE00C0F0D8 /* bukisentakuViewController.swift */ = {isa = PBXFileReference; lastKnownFileType = sourcecode.swift; path = bukisentakuViewController.swift; sourceTree = "<group>"; };
		BC2EE3B229FE0DC800293E1B /* RPG.app */ = {isa = PBXFileReference; explicitFileType = wrapper.application; includeInIndex = 0; path = RPG.app; sourceTree = BUILT_PRODUCTS_DIR; };
		BC2EE3B529FE0DC800293E1B /* AppDelegate.swift */ = {isa = PBXFileReference; lastKnownFileType = sourcecode.swift; path = AppDelegate.swift; sourceTree = "<group>"; };
		BC2EE3B729FE0DC800293E1B /* SceneDelegate.swift */ = {isa = PBXFileReference; lastKnownFileType = sourcecode.swift; path = SceneDelegate.swift; sourceTree = "<group>"; };
		BC2EE3BC29FE0DC800293E1B /* Base */ = {isa = PBXFileReference; lastKnownFileType = file.storyboard; name = Base; path = Base.lproj/Main.storyboard; sourceTree = "<group>"; };
		BC2EE3BE29FE0DCA00293E1B /* Assets.xcassets */ = {isa = PBXFileReference; lastKnownFileType = folder.assetcatalog; path = Assets.xcassets; sourceTree = "<group>"; };
		BC2EE3C129FE0DCA00293E1B /* Base */ = {isa = PBXFileReference; lastKnownFileType = file.storyboard; name = Base; path = Base.lproj/LaunchScreen.storyboard; sourceTree = "<group>"; };
		BC2EE3C329FE0DCA00293E1B /* Info.plist */ = {isa = PBXFileReference; lastKnownFileType = text.plist.xml; path = Info.plist; sourceTree = "<group>"; };
		BC2EE3CB29FE345E00293E1B /* LobbyViewController.swift */ = {isa = PBXFileReference; lastKnownFileType = sourcecode.swift; path = LobbyViewController.swift; sourceTree = "<group>"; };
		BC2EE3CD29FE34AE00293E1B /* BattleViewController.swift */ = {isa = PBXFileReference; lastKnownFileType = sourcecode.swift; path = BattleViewController.swift; sourceTree = "<group>"; };
		BC2EE3E829FE37BB00293E1B /* ViewController.swift */ = {isa = PBXFileReference; fileEncoding = 4; lastKnownFileType = sourcecode.swift; path = ViewController.swift; sourceTree = "<group>"; };
		BC2EE3EB29FE37BB00293E1B /* lobby.png */ = {isa = PBXFileReference; lastKnownFileType = image.png; path = lobby.png; sourceTree = "<group>"; };
		BC2EE3EC29FE37BB00293E1B /* battlebg.png */ = {isa = PBXFileReference; lastKnownFileType = image.png; path = battlebg.png; sourceTree = "<group>"; };
		BC2EE3ED29FE37BB00293E1B /* bgimage.jpg */ = {isa = PBXFileReference; lastKnownFileType = image.jpeg; path = bgimage.jpg; sourceTree = "<group>"; };
		BC2EE3EE29FE37BB00293E1B /* waku.png */ = {isa = PBXFileReference; lastKnownFileType = image.png; path = waku.png; sourceTree = "<group>"; };
		BC2EE3EF29FE37BB00293E1B /* gold_button.png */ = {isa = PBXFileReference; lastKnownFileType = image.png; path = gold_button.png; sourceTree = "<group>"; };
		BC2EE3F029FE37BB00293E1B /* yusya.png */ = {isa = PBXFileReference; lastKnownFileType = image.png; path = yusya.png; sourceTree = "<group>"; };
		BC2EE3F129FE37BB00293E1B /* monster.png */ = {isa = PBXFileReference; lastKnownFileType = image.png; path = monster.png; sourceTree = "<group>"; };
		BC2EE3F329FE37BB00293E1B /* TechMonManager.swift */ = {isa = PBXFileReference; fileEncoding = 4; lastKnownFileType = sourcecode.swift; path = TechMonManager.swift; sourceTree = "<group>"; };
		BC2EE3F429FE37BB00293E1B /* Character.swift */ = {isa = PBXFileReference; fileEncoding = 4; lastKnownFileType = sourcecode.swift; path = Character.swift; sourceTree = "<group>"; };
		BC2EE3F529FE37BB00293E1B /* Enemy.swift */ = {isa = PBXFileReference; fileEncoding = 4; lastKnownFileType = sourcecode.swift; path = Enemy.swift; sourceTree = "<group>"; };
		BC2EE3F629FE37BB00293E1B /* Player.swift */ = {isa = PBXFileReference; fileEncoding = 4; lastKnownFileType = sourcecode.swift; path = Player.swift; sourceTree = "<group>"; };
		BC2EE3F829FE37BB00293E1B /* SE_fanfare.mp3 */ = {isa = PBXFileReference; lastKnownFileType = audio.mp3; path = SE_fanfare.mp3; sourceTree = "<group>"; };
		BC2EE3F929FE37BB00293E1B /* BGM_battle001.mp3 */ = {isa = PBXFileReference; lastKnownFileType = audio.mp3; path = BGM_battle001.mp3; sourceTree = "<group>"; };
		BC2EE3FA29FE37BB00293E1B /* SE_fire.mp3 */ = {isa = PBXFileReference; lastKnownFileType = audio.mp3; path = SE_fire.mp3; sourceTree = "<group>"; };
		BC2EE3FB29FE37BB00293E1B /* SE_attack.mp3 */ = {isa = PBXFileReference; lastKnownFileType = audio.mp3; path = SE_attack.mp3; sourceTree = "<group>"; };
		BC2EE3FC29FE37BB00293E1B /* SE_gameover.mp3 */ = {isa = PBXFileReference; lastKnownFileType = audio.mp3; path = SE_gameover.mp3; sourceTree = "<group>"; };
		BC2EE3FD29FE37BB00293E1B /* SE_charge.mp3 */ = {isa = PBXFileReference; lastKnownFileType = audio.mp3; path = SE_charge.mp3; sourceTree = "<group>"; };
		BC2EE3FE29FE37BB00293E1B /* lobby.mp3 */ = {isa = PBXFileReference; lastKnownFileType = audio.mp3; path = lobby.mp3; sourceTree = "<group>"; };
		BC2EE40029FE37BB00293E1B /* misaki_gothic.ttf */ = {isa = PBXFileReference; lastKnownFileType = file; path = misaki_gothic.ttf; sourceTree = "<group>"; };
		BC7110F82BDDF31A006A6112 /* shield_kiteshield_01_blue.png */ = {isa = PBXFileReference; lastKnownFileType = image.png; path = shield_kiteshield_01_blue.png; sourceTree = "<group>"; };
		BC7110F92BDDF31B006A6112 /* shield_buckler_wood.png */ = {isa = PBXFileReference; lastKnownFileType = image.png; path = shield_buckler_wood.png; sourceTree = "<group>"; };
		BC7110FA2BDDF31B006A6112 /* shield_kiteshield_01_green.png */ = {isa = PBXFileReference; lastKnownFileType = image.png; path = shield_kiteshield_01_green.png; sourceTree = "<group>"; };
		BC7110FB2BDDF31B006A6112 /* shield_buckler_iron.png */ = {isa = PBXFileReference; lastKnownFileType = image.png; path = shield_buckler_iron.png; sourceTree = "<group>"; };
		BC7110FC2BDDF31B006A6112 /* shield_kiteshield_01_red.png */ = {isa = PBXFileReference; lastKnownFileType = image.png; path = shield_kiteshield_01_red.png; sourceTree = "<group>"; };
		BC7110FD2BDDF31B006A6112 /* shield_kiteshield_wood.png */ = {isa = PBXFileReference; lastKnownFileType = image.png; path = shield_kiteshield_wood.png; sourceTree = "<group>"; };
		BC7110FE2BDDF31B006A6112 /* shield_kiteshield_02_green.png */ = {isa = PBXFileReference; lastKnownFileType = image.png; path = shield_kiteshield_02_green.png; sourceTree = "<group>"; };
		BC7110FF2BDDF31B006A6112 /* shield_kiteshield_02_blue.png */ = {isa = PBXFileReference; lastKnownFileType = image.png; path = shield_kiteshield_02_blue.png; sourceTree = "<group>"; };
		BC7111002BDDF31B006A6112 /* shield_kiteshield_iron.png */ = {isa = PBXFileReference; lastKnownFileType = image.png; path = shield_kiteshield_iron.png; sourceTree = "<group>"; };
		BC7111012BDDF31B006A6112 /* shield_kiteshield_02_red.png */ = {isa = PBXFileReference; lastKnownFileType = image.png; path = shield_kiteshield_02_red.png; sourceTree = "<group>"; };
		BC71110E2BDE221A006A6112 /* ItemStorage.swift */ = {isa = PBXFileReference; lastKnownFileType = sourcecode.swift; path = ItemStorage.swift; sourceTree = "<group>"; };
		BC84DB322B6F510A0087E1C6 /* shopViewController.swift */ = {isa = PBXFileReference; lastKnownFileType = sourcecode.swift; path = shopViewController.swift; sourceTree = "<group>"; };
		BCCEAE662B1C2250000FA5BA /* armor_koshiate_blue.png */ = {isa = PBXFileReference; lastKnownFileType = image.png; path = armor_koshiate_blue.png; sourceTree = "<group>"; };
		BCCEAE672B1C2250000FA5BA /* armor_koshiate_iron.png */ = {isa = PBXFileReference; lastKnownFileType = image.png; path = armor_koshiate_iron.png; sourceTree = "<group>"; };
		BCCEAE682B1C2250000FA5BA /* armor_koshiate_green.png */ = {isa = PBXFileReference; lastKnownFileType = image.png; path = armor_koshiate_green.png; sourceTree = "<group>"; };
		BCCEAE692B1C2250000FA5BA /* armor_koshiate_red.png */ = {isa = PBXFileReference; lastKnownFileType = image.png; path = armor_koshiate_red.png; sourceTree = "<group>"; };
		BCCEAE702B1C28DA000FA5BA /* bougusentakuViewController.swift */ = {isa = PBXFileReference; lastKnownFileType = sourcecode.swift; path = bougusentakuViewController.swift; sourceTree = "<group>"; };
		BCE28D6F2A5120DC00F43694 /* EnemyList.swift */ = {isa = PBXFileReference; lastKnownFileType = sourcecode.swift; path = EnemyList.swift; sourceTree = "<group>"; };
		BCE28D932A51445600F43694 /* sentakuViewController.swift */ = {isa = PBXFileReference; lastKnownFileType = sourcecode.swift; path = sentakuViewController.swift; sourceTree = "<group>"; };
		BCF111322A760F0C00292B59 /* sentaku_BGM.mp3 */ = {isa = PBXFileReference; lastKnownFileType = audio.mp3; path = sentaku_BGM.mp3; sourceTree = "<group>"; };
		BCF111342A763F0A00292B59 /* tsurugi_bronze_sabi_red.png */ = {isa = PBXFileReference; lastKnownFileType = image.png; path = tsurugi_bronze_sabi_red.png; sourceTree = "<group>"; };
		BCF111362A763FF100292B59 /* tsurugi_bronze_red.png */ = {isa = PBXFileReference; lastKnownFileType = image.png; path = tsurugi_bronze_red.png; sourceTree = "<group>"; };
		BCF111382A76401B00292B59 /* sword_longsword_monochrome.png */ = {isa = PBXFileReference; lastKnownFileType = image.png; path = sword_longsword_monochrome.png; sourceTree = "<group>"; };
		BCF1113A2A76401F00292B59 /* sword_shortsword_brown.png */ = {isa = PBXFileReference; lastKnownFileType = image.png; path = sword_shortsword_brown.png; sourceTree = "<group>"; };
		BCF1113C2A76402200292B59 /* sword_longsword_brown.png */ = {isa = PBXFileReference; lastKnownFileType = image.png; path = sword_longsword_brown.png; sourceTree = "<group>"; };
/* End PBXFileReference section */

/* Begin PBXFrameworksBuildPhase section */
		BC2EE3AF29FE0DC800293E1B /* Frameworks */ = {
			isa = PBXFrameworksBuildPhase;
			buildActionMask = 2147483647;
			files = (
			);
			runOnlyForDeploymentPostprocessing = 0;
		};
/* End PBXFrameworksBuildPhase section */

/* Begin PBXGroup section */
		BC2EE3A929FE0DC800293E1B = {
			isa = PBXGroup;
			children = (
				BC2EE3B429FE0DC800293E1B /* RPG */,
				BC2EE3B329FE0DC800293E1B /* Products */,
			);
			sourceTree = "<group>";
		};
		BC2EE3B329FE0DC800293E1B /* Products */ = {
			isa = PBXGroup;
			children = (
				BC2EE3B229FE0DC800293E1B /* RPG.app */,
			);
			name = Products;
			sourceTree = "<group>";
		};
		BC2EE3B429FE0DC800293E1B /* RPG */ = {
			isa = PBXGroup;
			children = (
				BC2EE3E929FE37BB00293E1B /* TechMon_Resources */,
				BC2EE3E829FE37BB00293E1B /* ViewController.swift */,
				BC2EE3B529FE0DC800293E1B /* AppDelegate.swift */,
				BC2EE3B729FE0DC800293E1B /* SceneDelegate.swift */,
				BC2EE3BB29FE0DC800293E1B /* Main.storyboard */,
				BC2EE3BE29FE0DCA00293E1B /* Assets.xcassets */,
				BC2EE3C029FE0DCA00293E1B /* LaunchScreen.storyboard */,
				BC2EE3C329FE0DCA00293E1B /* Info.plist */,
				BC2EE3CB29FE345E00293E1B /* LobbyViewController.swift */,
				BC71110E2BDE221A006A6112 /* ItemStorage.swift */,
				BC84DB322B6F510A0087E1C6 /* shopViewController.swift */,
				BCCEAE702B1C28DA000FA5BA /* bougusentakuViewController.swift */,
				BC1398D82A9AF6BE00C0F0D8 /* bukisentakuViewController.swift */,
				BC2EE3CD29FE34AE00293E1B /* BattleViewController.swift */,
				BCE28D932A51445600F43694 /* sentakuViewController.swift */,
				BCE28D6F2A5120DC00F43694 /* EnemyList.swift */,
			);
			path = RPG;
			sourceTree = "<group>";
		};
		BC2EE3E929FE37BB00293E1B /* TechMon_Resources */ = {
			isa = PBXGroup;
			children = (
				BC2EE3EA29FE37BB00293E1B /* Images */,
				BC2EE3F229FE37BB00293E1B /* Models */,
				BC2EE3F729FE37BB00293E1B /* Sounds */,
				BC2EE3FF29FE37BB00293E1B /* Fonts */,
			);
			path = TechMon_Resources;
			sourceTree = "<group>";
		};
		BC2EE3EA29FE37BB00293E1B /* Images */ = {
			isa = PBXGroup;
			children = (
				BC7110FB2BDDF31B006A6112 /* shield_buckler_iron.png */,
				BC7110F92BDDF31B006A6112 /* shield_buckler_wood.png */,
				BC7110F82BDDF31A006A6112 /* shield_kiteshield_01_blue.png */,
				BC7110FA2BDDF31B006A6112 /* shield_kiteshield_01_green.png */,
				BC7110FC2BDDF31B006A6112 /* shield_kiteshield_01_red.png */,
				BC7110FF2BDDF31B006A6112 /* shield_kiteshield_02_blue.png */,
				BC7110FE2BDDF31B006A6112 /* shield_kiteshield_02_green.png */,
				BC7111012BDDF31B006A6112 /* shield_kiteshield_02_red.png */,
				BC7111002BDDF31B006A6112 /* shield_kiteshield_iron.png */,
				BC7110FD2BDDF31B006A6112 /* shield_kiteshield_wood.png */,
				BCCEAE662B1C2250000FA5BA /* armor_koshiate_blue.png */,
				BCCEAE682B1C2250000FA5BA /* armor_koshiate_green.png */,
				BCCEAE672B1C2250000FA5BA /* armor_koshiate_iron.png */,
				BCCEAE692B1C2250000FA5BA /* armor_koshiate_red.png */,
				BC2EE3EB29FE37BB00293E1B /* lobby.png */,
				BC2EE3EC29FE37BB00293E1B /* battlebg.png */,
				BC2EE3ED29FE37BB00293E1B /* bgimage.jpg */,
				BC2EE3EE29FE37BB00293E1B /* waku.png */,
				BC2EE3EF29FE37BB00293E1B /* gold_button.png */,
				BC2EE3F029FE37BB00293E1B /* yusya.png */,
				BC2EE3F129FE37BB00293E1B /* monster.png */,
				BCF111342A763F0A00292B59 /* tsurugi_bronze_sabi_red.png */,
				BCF111362A763FF100292B59 /* tsurugi_bronze_red.png */,
				BCF111382A76401B00292B59 /* sword_longsword_monochrome.png */,
				BCF1113A2A76401F00292B59 /* sword_shortsword_brown.png */,
				BCF1113C2A76402200292B59 /* sword_longsword_brown.png */,
			);
			path = Images;
			sourceTree = "<group>";
		};
		BC2EE3F229FE37BB00293E1B /* Models */ = {
			isa = PBXGroup;
			children = (
				BC2EE3F329FE37BB00293E1B /* TechMonManager.swift */,
				BC2EE3F429FE37BB00293E1B /* Character.swift */,
				BC2EE3F529FE37BB00293E1B /* Enemy.swift */,
				BC2EE3F629FE37BB00293E1B /* Player.swift */,
			);
			path = Models;
			sourceTree = "<group>";
		};
		BC2EE3F729FE37BB00293E1B /* Sounds */ = {
			isa = PBXGroup;
			children = (
				BCF111322A760F0C00292B59 /* sentaku_BGM.mp3 */,
				BC2EE3F829FE37BB00293E1B /* SE_fanfare.mp3 */,
				BC2EE3F929FE37BB00293E1B /* BGM_battle001.mp3 */,
				BC2EE3FA29FE37BB00293E1B /* SE_fire.mp3 */,
				BC2EE3FB29FE37BB00293E1B /* SE_attack.mp3 */,
				BC2EE3FC29FE37BB00293E1B /* SE_gameover.mp3 */,
				BC2EE3FD29FE37BB00293E1B /* SE_charge.mp3 */,
				BC2EE3FE29FE37BB00293E1B /* lobby.mp3 */,
			);
			path = Sounds;
			sourceTree = "<group>";
		};
		BC2EE3FF29FE37BB00293E1B /* Fonts */ = {
			isa = PBXGroup;
			children = (
				BC2EE40029FE37BB00293E1B /* misaki_gothic.ttf */,
			);
			path = Fonts;
			sourceTree = "<group>";
		};
/* End PBXGroup section */

/* Begin PBXNativeTarget section */
		BC2EE3B129FE0DC800293E1B /* RPG */ = {
			isa = PBXNativeTarget;
			buildConfigurationList = BC2EE3C629FE0DCA00293E1B /* Build configuration list for PBXNativeTarget "RPG" */;
			buildPhases = (
				BC2EE3AE29FE0DC800293E1B /* Sources */,
				BC2EE3AF29FE0DC800293E1B /* Frameworks */,
				BC2EE3B029FE0DC800293E1B /* Resources */,
			);
			buildRules = (
			);
			dependencies = (
			);
			name = RPG;
			productName = RPG;
			productReference = BC2EE3B229FE0DC800293E1B /* RPG.app */;
			productType = "com.apple.product-type.application";
		};
/* End PBXNativeTarget section */

/* Begin PBXProject section */
		BC2EE3AA29FE0DC800293E1B /* Project object */ = {
			isa = PBXProject;
			attributes = {
				BuildIndependentTargetsInParallel = 1;
				LastSwiftUpdateCheck = 1430;
				LastUpgradeCheck = 1430;
				TargetAttributes = {
					BC2EE3B129FE0DC800293E1B = {
						CreatedOnToolsVersion = 14.3;
					};
				};
			};
			buildConfigurationList = BC2EE3AD29FE0DC800293E1B /* Build configuration list for PBXProject "RPG" */;
			compatibilityVersion = "Xcode 14.0";
			developmentRegion = en;
			hasScannedForEncodings = 0;
			knownRegions = (
				en,
				Base,
			);
			mainGroup = BC2EE3A929FE0DC800293E1B;
			productRefGroup = BC2EE3B329FE0DC800293E1B /* Products */;
			projectDirPath = "";
			projectRoot = "";
			targets = (
				BC2EE3B129FE0DC800293E1B /* RPG */,
			);
		};
/* End PBXProject section */

/* Begin PBXResourcesBuildPhase section */
		BC2EE3B029FE0DC800293E1B /* Resources */ = {
			isa = PBXResourcesBuildPhase;
			buildActionMask = 2147483647;
			files = (
				BCF1113D2A76402200292B59 /* sword_longsword_brown.png in Resources */,
				BC7111052BDDF31B006A6112 /* shield_buckler_iron.png in Resources */,
				BC2EE3C229FE0DCA00293E1B /* LaunchScreen.storyboard in Resources */,
				BC71110A2BDDF31B006A6112 /* shield_kiteshield_iron.png in Resources */,
				BC2EE40B29FE37BB00293E1B /* battlebg.png in Resources */,
				BC7111042BDDF31B006A6112 /* shield_kiteshield_01_green.png in Resources */,
				BC2EE41729FE37BB00293E1B /* SE_fire.mp3 in Resources */,
				BCF111332A760F0C00292B59 /* sentaku_BGM.mp3 in Resources */,
				BCCEAE6B2B1C2250000FA5BA /* armor_koshiate_iron.png in Resources */,
				BC7111032BDDF31B006A6112 /* shield_buckler_wood.png in Resources */,
				BC7111072BDDF31B006A6112 /* shield_kiteshield_wood.png in Resources */,
				BCCEAE6A2B1C2250000FA5BA /* armor_koshiate_blue.png in Resources */,
				BC2EE41529FE37BB00293E1B /* SE_fanfare.mp3 in Resources */,
				BC7111062BDDF31B006A6112 /* shield_kiteshield_01_red.png in Resources */,
				BC7111082BDDF31B006A6112 /* shield_kiteshield_02_green.png in Resources */,
				BC2EE41929FE37BB00293E1B /* SE_gameover.mp3 in Resources */,
				BCF111392A76401B00292B59 /* sword_longsword_monochrome.png in Resources */,
				BC2EE41629FE37BB00293E1B /* BGM_battle001.mp3 in Resources */,
				BCCEAE6C2B1C2250000FA5BA /* armor_koshiate_green.png in Resources */,
				BC2EE41B29FE37BB00293E1B /* lobby.mp3 in Resources */,
				BC7111022BDDF31B006A6112 /* shield_kiteshield_01_blue.png in Resources */,
				BC2EE41029FE37BB00293E1B /* monster.png in Resources */,
				BC2EE41C29FE37BB00293E1B /* misaki_gothic.ttf in Resources */,
				BC7111092BDDF31B006A6112 /* shield_kiteshield_02_blue.png in Resources */,
				BCCEAE6D2B1C2250000FA5BA /* armor_koshiate_red.png in Resources */,
				BC2EE40D29FE37BB00293E1B /* waku.png in Resources */,
				BC2EE40E29FE37BB00293E1B /* gold_button.png in Resources */,
				BC2EE40F29FE37BB00293E1B /* yusya.png in Resources */,
				BC71110B2BDDF31B006A6112 /* shield_kiteshield_02_red.png in Resources */,
				BC2EE41829FE37BB00293E1B /* SE_attack.mp3 in Resources */,
				BC2EE3BF29FE0DCA00293E1B /* Assets.xcassets in Resources */,
				BC2EE40A29FE37BB00293E1B /* lobby.png in Resources */,
				BCF111352A763F0A00292B59 /* tsurugi_bronze_sabi_red.png in Resources */,
				BCF1113B2A76401F00292B59 /* sword_shortsword_brown.png in Resources */,
				BC2EE40C29FE37BB00293E1B /* bgimage.jpg in Resources */,
				BC2EE41A29FE37BB00293E1B /* SE_charge.mp3 in Resources */,
				BC2EE3BD29FE0DC800293E1B /* Main.storyboard in Resources */,
				BCF111372A763FF200292B59 /* tsurugi_bronze_red.png in Resources */,
			);
			runOnlyForDeploymentPostprocessing = 0;
		};
/* End PBXResourcesBuildPhase section */

/* Begin PBXSourcesBuildPhase section */
		BC2EE3AE29FE0DC800293E1B /* Sources */ = {
			isa = PBXSourcesBuildPhase;
			buildActionMask = 2147483647;
			files = (
				BC84DB332B6F510A0087E1C6 /* shopViewController.swift in Sources */,
				BC2EE3B629FE0DC800293E1B /* AppDelegate.swift in Sources */,
				BC2EE3B829FE0DC800293E1B /* SceneDelegate.swift in Sources */,
				BCCEAE712B1C28DA000FA5BA /* bougusentakuViewController.swift in Sources */,
				BC2EE41329FE37BB00293E1B /* Enemy.swift in Sources */,
				BC2EE41429FE37BB00293E1B /* Player.swift in Sources */,
				BC2EE41129FE37BB00293E1B /* TechMonManager.swift in Sources */,
				BC2EE3CC29FE345E00293E1B /* LobbyViewController.swift in Sources */,
				BC2EE41229FE37BB00293E1B /* Character.swift in Sources */,
				BC1398D92A9AF6BE00C0F0D8 /* bukisentakuViewController.swift in Sources */,
				BC2EE40929FE37BB00293E1B /* ViewController.swift in Sources */,
				BCE28D702A5120DC00F43694 /* EnemyList.swift in Sources */,
				BC71110F2BDE221A006A6112 /* ItemStorage.swift in Sources */,
				BC2EE3CE29FE34AE00293E1B /* BattleViewController.swift in Sources */,
				BCE28D942A51445600F43694 /* sentakuViewController.swift in Sources */,
			);
			runOnlyForDeploymentPostprocessing = 0;
		};
/* End PBXSourcesBuildPhase section */

/* Begin PBXVariantGroup section */
		BC2EE3BB29FE0DC800293E1B /* Main.storyboard */ = {
			isa = PBXVariantGroup;
			children = (
				BC2EE3BC29FE0DC800293E1B /* Base */,
			);
			name = Main.storyboard;
			sourceTree = "<group>";
		};
		BC2EE3C029FE0DCA00293E1B /* LaunchScreen.storyboard */ = {
			isa = PBXVariantGroup;
			children = (
				BC2EE3C129FE0DCA00293E1B /* Base */,
			);
			name = LaunchScreen.storyboard;
			sourceTree = "<group>";
		};
/* End PBXVariantGroup section */

/* Begin XCBuildConfiguration section */
		BC2EE3C429FE0DCA00293E1B /* Debug */ = {
			isa = XCBuildConfiguration;
			buildSettings = {
				ALWAYS_SEARCH_USER_PATHS = NO;
				CLANG_ANALYZER_NONNULL = YES;
				CLANG_ANALYZER_NUMBER_OBJECT_CONVERSION = YES_AGGRESSIVE;
				CLANG_CXX_LANGUAGE_STANDARD = "gnu++20";
				CLANG_ENABLE_MODULES = YES;
				CLANG_ENABLE_OBJC_ARC = YES;
				CLANG_ENABLE_OBJC_WEAK = YES;
				CLANG_WARN_BLOCK_CAPTURE_AUTORELEASING = YES;
				CLANG_WARN_BOOL_CONVERSION = YES;
				CLANG_WARN_COMMA = YES;
				CLANG_WARN_CONSTANT_CONVERSION = YES;
				CLANG_WARN_DEPRECATED_OBJC_IMPLEMENTATIONS = YES;
				CLANG_WARN_DIRECT_OBJC_ISA_USAGE = YES_ERROR;
				CLANG_WARN_DOCUMENTATION_COMMENTS = YES;
				CLANG_WARN_EMPTY_BODY = YES;
				CLANG_WARN_ENUM_CONVERSION = YES;
				CLANG_WARN_INFINITE_RECURSION = YES;
				CLANG_WARN_INT_CONVERSION = YES;
				CLANG_WARN_NON_LITERAL_NULL_CONVERSION = YES;
				CLANG_WARN_OBJC_IMPLICIT_RETAIN_SELF = YES;
				CLANG_WARN_OBJC_LITERAL_CONVERSION = YES;
				CLANG_WARN_OBJC_ROOT_CLASS = YES_ERROR;
				CLANG_WARN_QUOTED_INCLUDE_IN_FRAMEWORK_HEADER = YES;
				CLANG_WARN_RANGE_LOOP_ANALYSIS = YES;
				CLANG_WARN_STRICT_PROTOTYPES = YES;
				CLANG_WARN_SUSPICIOUS_MOVE = YES;
				CLANG_WARN_UNGUARDED_AVAILABILITY = YES_AGGRESSIVE;
				CLANG_WARN_UNREACHABLE_CODE = YES;
				CLANG_WARN__DUPLICATE_METHOD_MATCH = YES;
				COPY_PHASE_STRIP = NO;
				DEBUG_INFORMATION_FORMAT = dwarf;
				ENABLE_STRICT_OBJC_MSGSEND = YES;
				ENABLE_TESTABILITY = YES;
				GCC_C_LANGUAGE_STANDARD = gnu11;
				GCC_DYNAMIC_NO_PIC = NO;
				GCC_NO_COMMON_BLOCKS = YES;
				GCC_OPTIMIZATION_LEVEL = 0;
				GCC_PREPROCESSOR_DEFINITIONS = (
					"DEBUG=1",
					"$(inherited)",
				);
				GCC_WARN_64_TO_32_BIT_CONVERSION = YES;
				GCC_WARN_ABOUT_RETURN_TYPE = YES_ERROR;
				GCC_WARN_UNDECLARED_SELECTOR = YES;
				GCC_WARN_UNINITIALIZED_AUTOS = YES_AGGRESSIVE;
				GCC_WARN_UNUSED_FUNCTION = YES;
				GCC_WARN_UNUSED_VARIABLE = YES;
				IPHONEOS_DEPLOYMENT_TARGET = 16.4;
				MTL_ENABLE_DEBUG_INFO = INCLUDE_SOURCE;
				MTL_FAST_MATH = YES;
				ONLY_ACTIVE_ARCH = YES;
				SDKROOT = iphoneos;
				SWIFT_ACTIVE_COMPILATION_CONDITIONS = DEBUG;
				SWIFT_OPTIMIZATION_LEVEL = "-Onone";
			};
			name = Debug;
		};
		BC2EE3C529FE0DCA00293E1B /* Release */ = {
			isa = XCBuildConfiguration;
			buildSettings = {
				ALWAYS_SEARCH_USER_PATHS = NO;
				CLANG_ANALYZER_NONNULL = YES;
				CLANG_ANALYZER_NUMBER_OBJECT_CONVERSION = YES_AGGRESSIVE;
				CLANG_CXX_LANGUAGE_STANDARD = "gnu++20";
				CLANG_ENABLE_MODULES = YES;
				CLANG_ENABLE_OBJC_ARC = YES;
				CLANG_ENABLE_OBJC_WEAK = YES;
				CLANG_WARN_BLOCK_CAPTURE_AUTORELEASING = YES;
				CLANG_WARN_BOOL_CONVERSION = YES;
				CLANG_WARN_COMMA = YES;
				CLANG_WARN_CONSTANT_CONVERSION = YES;
				CLANG_WARN_DEPRECATED_OBJC_IMPLEMENTATIONS = YES;
				CLANG_WARN_DIRECT_OBJC_ISA_USAGE = YES_ERROR;
				CLANG_WARN_DOCUMENTATION_COMMENTS = YES;
				CLANG_WARN_EMPTY_BODY = YES;
				CLANG_WARN_ENUM_CONVERSION = YES;
				CLANG_WARN_INFINITE_RECURSION = YES;
				CLANG_WARN_INT_CONVERSION = YES;
				CLANG_WARN_NON_LITERAL_NULL_CONVERSION = YES;
				CLANG_WARN_OBJC_IMPLICIT_RETAIN_SELF = YES;
				CLANG_WARN_OBJC_LITERAL_CONVERSION = YES;
				CLANG_WARN_OBJC_ROOT_CLASS = YES_ERROR;
				CLANG_WARN_QUOTED_INCLUDE_IN_FRAMEWORK_HEADER = YES;
				CLANG_WARN_RANGE_LOOP_ANALYSIS = YES;
				CLANG_WARN_STRICT_PROTOTYPES = YES;
				CLANG_WARN_SUSPICIOUS_MOVE = YES;
				CLANG_WARN_UNGUARDED_AVAILABILITY = YES_AGGRESSIVE;
				CLANG_WARN_UNREACHABLE_CODE = YES;
				CLANG_WARN__DUPLICATE_METHOD_MATCH = YES;
				COPY_PHASE_STRIP = NO;
				DEBUG_INFORMATION_FORMAT = "dwarf-with-dsym";
				ENABLE_NS_ASSERTIONS = NO;
				ENABLE_STRICT_OBJC_MSGSEND = YES;
				GCC_C_LANGUAGE_STANDARD = gnu11;
				GCC_NO_COMMON_BLOCKS = YES;
				GCC_WARN_64_TO_32_BIT_CONVERSION = YES;
				GCC_WARN_ABOUT_RETURN_TYPE = YES_ERROR;
				GCC_WARN_UNDECLARED_SELECTOR = YES;
				GCC_WARN_UNINITIALIZED_AUTOS = YES_AGGRESSIVE;
				GCC_WARN_UNUSED_FUNCTION = YES;
				GCC_WARN_UNUSED_VARIABLE = YES;
				IPHONEOS_DEPLOYMENT_TARGET = 16.4;
				MTL_ENABLE_DEBUG_INFO = NO;
				MTL_FAST_MATH = YES;
				SDKROOT = iphoneos;
				SWIFT_COMPILATION_MODE = wholemodule;
				SWIFT_OPTIMIZATION_LEVEL = "-O";
				VALIDATE_PRODUCT = YES;
			};
			name = Release;
		};
		BC2EE3C729FE0DCA00293E1B /* Debug */ = {
			isa = XCBuildConfiguration;
			buildSettings = {
				ASSETCATALOG_COMPILER_APPICON_NAME = AppIcon;
				ASSETCATALOG_COMPILER_GLOBAL_ACCENT_COLOR_NAME = AccentColor;
				CODE_SIGN_STYLE = Automatic;
				CURRENT_PROJECT_VERSION = 1;
				GENERATE_INFOPLIST_FILE = YES;
				INFOPLIST_FILE = RPG/Info.plist;
				INFOPLIST_KEY_UIApplicationSupportsIndirectInputEvents = YES;
				INFOPLIST_KEY_UILaunchStoryboardName = LaunchScreen;
				INFOPLIST_KEY_UIMainStoryboardFile = Main;
				INFOPLIST_KEY_UISupportedInterfaceOrientations_iPad = "UIInterfaceOrientationPortrait UIInterfaceOrientationPortraitUpsideDown UIInterfaceOrientationLandscapeLeft UIInterfaceOrientationLandscapeRight";
				INFOPLIST_KEY_UISupportedInterfaceOrientations_iPhone = "UIInterfaceOrientationPortrait UIInterfaceOrientationLandscapeLeft UIInterfaceOrientationLandscapeRight";
				LD_RUNPATH_SEARCH_PATHS = (
					"$(inherited)",
					"@executable_path/Frameworks",
				);
				MARKETING_VERSION = 1.0;
				PRODUCT_BUNDLE_IDENTIFIER = app.CL.goggle.RPG;
				PRODUCT_NAME = "$(TARGET_NAME)";
				SWIFT_EMIT_LOC_STRINGS = YES;
				SWIFT_VERSION = 5.0;
				TARGETED_DEVICE_FAMILY = "1,2";
			};
			name = Debug;
		};
		BC2EE3C829FE0DCA00293E1B /* Release */ = {
			isa = XCBuildConfiguration;
			buildSettings = {
				ASSETCATALOG_COMPILER_APPICON_NAME = AppIcon;
				ASSETCATALOG_COMPILER_GLOBAL_ACCENT_COLOR_NAME = AccentColor;
				CODE_SIGN_STYLE = Automatic;
				CURRENT_PROJECT_VERSION = 1;
				GENERATE_INFOPLIST_FILE = YES;
				INFOPLIST_FILE = RPG/Info.plist;
				INFOPLIST_KEY_UIApplicationSupportsIndirectInputEvents = YES;
				INFOPLIST_KEY_UILaunchStoryboardName = LaunchScreen;
				INFOPLIST_KEY_UIMainStoryboardFile = Main;
				INFOPLIST_KEY_UISupportedInterfaceOrientations_iPad = "UIInterfaceOrientationPortrait UIInterfaceOrientationPortraitUpsideDown UIInterfaceOrientationLandscapeLeft UIInterfaceOrientationLandscapeRight";
				INFOPLIST_KEY_UISupportedInterfaceOrientations_iPhone = "UIInterfaceOrientationPortrait UIInterfaceOrientationLandscapeLeft UIInterfaceOrientationLandscapeRight";
				LD_RUNPATH_SEARCH_PATHS = (
					"$(inherited)",
					"@executable_path/Frameworks",
				);
				MARKETING_VERSION = 1.0;
				PRODUCT_BUNDLE_IDENTIFIER = app.CL.goggle.RPG;
				PRODUCT_NAME = "$(TARGET_NAME)";
				SWIFT_EMIT_LOC_STRINGS = YES;
				SWIFT_VERSION = 5.0;
				TARGETED_DEVICE_FAMILY = "1,2";
			};
			name = Release;
		};
/* End XCBuildConfiguration section */

/* Begin XCConfigurationList section */
		BC2EE3AD29FE0DC800293E1B /* Build configuration list for PBXProject "RPG" */ = {
			isa = XCConfigurationList;
			buildConfigurations = (
				BC2EE3C429FE0DCA00293E1B /* Debug */,
				BC2EE3C529FE0DCA00293E1B /* Release */,
			);
			defaultConfigurationIsVisible = 0;
			defaultConfigurationName = Release;
		};
		BC2EE3C629FE0DCA00293E1B /* Build configuration list for PBXNativeTarget "RPG" */ = {
			isa = XCConfigurationList;
			buildConfigurations = (
				BC2EE3C729FE0DCA00293E1B /* Debug */,
				BC2EE3C829FE0DCA00293E1B /* Release */,
			);
			defaultConfigurationIsVisible = 0;
			defaultConfigurationName = Release;
		};
/* End XCConfigurationList section */
	};
	rootObject = BC2EE3AA29FE0DC800293E1B /* Project object */;
}
